
Microsoft Visual Studio Solution File, Format Version 12.00
# Visual Studio Version 17
VisualStudioVersion = 17.9.34723.18
MinimumVisualStudioVersion = 10.0.40219.1
Project("{FAE04EC0-301F-11D3-BF4B-00C04F79EFBC}") = "Html Crawler Final version", "Html Crawler Final version\Html Crawler Final version.csproj", "{B031E644-E295-4079-91DA-2F1C76CABBA2}"
EndProject
Global
	GlobalSection(SolutionConfigurationPlatforms) = preSolution
		Debug|Any CPU = Debug|Any CPU
		Release|Any CPU = Release|Any CPU
	EndGlobalSection
	GlobalSection(ProjectConfigurationPlatforms) = postSolution
		{B031E644-E295-4079-91DA-2F1C76CABBA2}.Debug|Any CPU.ActiveCfg = Debug|Any CPU
		{B031E644-E295-4079-91DA-2F1C76CABBA2}.Debug|Any CPU.Build.0 = Debug|Any CPU
		{B031E644-E295-4079-91DA-2F1C76CABBA2}.Release|Any CPU.ActiveCfg = Release|Any CPU
		{B031E644-E295-4079-91DA-2F1C76CABBA2}.Release|Any CPU.Build.0 = Release|Any CPU
	EndGlobalSection
	GlobalSection(SolutionProperties) = preSolution
		HideSolutionNode = FALSE
	EndGlobalSection
	GlobalSection(ExtensibilityGlobals) = postSolution
		SolutionGuid = {3AEC71A7-8A23-4F7E-A8E1-659ECABDCC74}
	EndGlobalSection
EndGlobal
